// !$*UTF8*$!
{
	archiveVersion = 1;
	classes = {
	};
	objectVersion = 50;
	objects = {

/* Begin PBXBuildFile section */
		3C17939823968BCB00208299 /* AppDelegate.swift in Sources */ = {isa = PBXBuildFile; fileRef = 3C17939723968BCB00208299 /* AppDelegate.swift */; };
		3C17939A23968BCB00208299 /* ViewController.swift in Sources */ = {isa = PBXBuildFile; fileRef = 3C17939923968BCB00208299 /* ViewController.swift */; };
		3C17939D23968BCB00208299 /* Main.storyboard in Resources */ = {isa = PBXBuildFile; fileRef = 3C17939B23968BCB00208299 /* Main.storyboard */; };
		3C17939F23968BCF00208299 /* Assets.xcassets in Resources */ = {isa = PBXBuildFile; fileRef = 3C17939E23968BCF00208299 /* Assets.xcassets */; };
		3C1793A223968BCF00208299 /* LaunchScreen.storyboard in Resources */ = {isa = PBXBuildFile; fileRef = 3C1793A023968BCF00208299 /* LaunchScreen.storyboard */; };
		3C1793AD23968BCF00208299 /* DeepLinkTests.swift in Sources */ = {isa = PBXBuildFile; fileRef = 3C1793AC23968BCF00208299 /* DeepLinkTests.swift */; };
		3C1793B823968BCF00208299 /* DeepLinkUITests.swift in Sources */ = {isa = PBXBuildFile; fileRef = 3C1793B723968BCF00208299 /* DeepLinkUITests.swift */; };
/* End PBXBuildFile section */

/* Begin PBXContainerItemProxy section */
		3C1793A923968BCF00208299 /* PBXContainerItemProxy */ = {
			isa = PBXContainerItemProxy;
			containerPortal = 3C17938C23968BCB00208299 /* Project object */;
			proxyType = 1;
			remoteGlobalIDString = 3C17939323968BCB00208299;
			remoteInfo = DeepLink;
		};
		3C1793B423968BCF00208299 /* PBXContainerItemProxy */ = {
			isa = PBXContainerItemProxy;
			containerPortal = 3C17938C23968BCB00208299 /* Project object */;
			proxyType = 1;
			remoteGlobalIDString = 3C17939323968BCB00208299;
			remoteInfo = DeepLink;
		};
/* End PBXContainerItemProxy section */

/* Begin PBXFileReference section */
		3C17939423968BCB00208299 /* DeepLink.app */ = {isa = PBXFileReference; explicitFileType = wrapper.application; includeInIndex = 0; path = DeepLink.app; sourceTree = BUILT_PRODUCTS_DIR; };
		3C17939723968BCB00208299 /* AppDelegate.swift */ = {isa = PBXFileReference; lastKnownFileType = sourcecode.swift; path = AppDelegate.swift; sourceTree = "<group>"; };
		3C17939923968BCB00208299 /* ViewController.swift */ = {isa = PBXFileReference; lastKnownFileType = sourcecode.swift; path = ViewController.swift; sourceTree = "<group>"; };
		3C17939C23968BCB00208299 /* Base */ = {isa = PBXFileReference; lastKnownFileType = file.storyboard; name = Base; path = Base.lproj/Main.storyboard; sourceTree = "<group>"; };
		3C17939E23968BCF00208299 /* Assets.xcassets */ = {isa = PBXFileReference; lastKnownFileType = folder.assetcatalog; path = Assets.xcassets; sourceTree = "<group>"; };
		3C1793A123968BCF00208299 /* Base */ = {isa = PBXFileReference; lastKnownFileType = file.storyboard; name = Base; path = Base.lproj/LaunchScreen.storyboard; sourceTree = "<group>"; };
		3C1793A323968BCF00208299 /* Info.plist */ = {isa = PBXFileReference; lastKnownFileType = text.plist.xml; path = Info.plist; sourceTree = "<group>"; };
		3C1793A823968BCF00208299 /* DeepLinkTests.xctest */ = {isa = PBXFileReference; explicitFileType = wrapper.cfbundle; includeInIndex = 0; path = DeepLinkTests.xctest; sourceTree = BUILT_PRODUCTS_DIR; };
		3C1793AC23968BCF00208299 /* DeepLinkTests.swift */ = {isa = PBXFileReference; lastKnownFileType = sourcecode.swift; path = DeepLinkTests.swift; sourceTree = "<group>"; };
		3C1793AE23968BCF00208299 /* Info.plist */ = {isa = PBXFileReference; lastKnownFileType = text.plist.xml; path = Info.plist; sourceTree = "<group>"; };
		3C1793B323968BCF00208299 /* DeepLinkUITests.xctest */ = {isa = PBXFileReference; explicitFileType = wrapper.cfbundle; includeInIndex = 0; path = DeepLinkUITests.xctest; sourceTree = BUILT_PRODUCTS_DIR; };
		3C1793B723968BCF00208299 /* DeepLinkUITests.swift */ = {isa = PBXFileReference; lastKnownFileType = sourcecode.swift; path = DeepLinkUITests.swift; sourceTree = "<group>"; };
		3C1793B923968BCF00208299 /* Info.plist */ = {isa = PBXFileReference; lastKnownFileType = text.plist.xml; path = Info.plist; sourceTree = "<group>"; };
/* End PBXFileReference section */

/* Begin PBXFrameworksBuildPhase section */
		3C17939123968BCB00208299 /* Frameworks */ = {
			isa = PBXFrameworksBuildPhase;
			buildActionMask = 2147483647;
			files = (
			);
			runOnlyForDeploymentPostprocessing = 0;
		};
		3C1793A523968BCF00208299 /* Frameworks */ = {
			isa = PBXFrameworksBuildPhase;
			buildActionMask = 2147483647;
			files = (
			);
			runOnlyForDeploymentPostprocessing = 0;
		};
		3C1793B023968BCF00208299 /* Frameworks */ = {
			isa = PBXFrameworksBuildPhase;
			buildActionMask = 2147483647;
			files = (
			);
			runOnlyForDeploymentPostprocessing = 0;
		};
/* End PBXFrameworksBuildPhase section */

/* Begin PBXGroup section */
		3C17938B23968BCB00208299 = {
			isa = PBXGroup;
			children = (
				3C17939623968BCB00208299 /* DeepLink */,
				3C1793AB23968BCF00208299 /* DeepLinkTests */,
				3C1793B623968BCF00208299 /* DeepLinkUITests */,
				3C17939523968BCB00208299 /* Products */,
			);
			sourceTree = "<group>";
		};
		3C17939523968BCB00208299 /* Products */ = {
			isa = PBXGroup;
			children = (
				3C17939423968BCB00208299 /* DeepLink.app */,
				3C1793A823968BCF00208299 /* DeepLinkTests.xctest */,
				3C1793B323968BCF00208299 /* DeepLinkUITests.xctest */,
			);
			name = Products;
			sourceTree = "<group>";
		};
		3C17939623968BCB00208299 /* DeepLink */ = {
			isa = PBXGroup;
			children = (
				3C17939723968BCB00208299 /* AppDelegate.swift */,
				3C17939923968BCB00208299 /* ViewController.swift */,
				3C17939B23968BCB00208299 /* Main.storyboard */,
				3C17939E23968BCF00208299 /* Assets.xcassets */,
				3C1793A023968BCF00208299 /* LaunchScreen.storyboard */,
				3C1793A323968BCF00208299 /* Info.plist */,
			);
			path = DeepLink;
			sourceTree = "<group>";
		};
		3C1793AB23968BCF00208299 /* DeepLinkTests */ = {
			isa = PBXGroup;
			children = (
				3C1793AC23968BCF00208299 /* DeepLinkTests.swift */,
				3C1793AE23968BCF00208299 /* Info.plist */,
			);
			path = DeepLinkTests;
			sourceTree = "<group>";
		};
		3C1793B623968BCF00208299 /* DeepLinkUITests */ = {
			isa = PBXGroup;
			children = (
				3C1793B723968BCF00208299 /* DeepLinkUITests.swift */,
				3C1793B923968BCF00208299 /* Info.plist */,
			);
			path = DeepLinkUITests;
			sourceTree = "<group>";
		};
/* End PBXGroup section */

/* Begin PBXNativeTarget section */
		3C17939323968BCB00208299 /* DeepLink */ = {
			isa = PBXNativeTarget;
			buildConfigurationList = 3C1793BC23968BCF00208299 /* Build configuration list for PBXNativeTarget "DeepLink" */;
			buildPhases = (
				3C17939023968BCB00208299 /* Sources */,
				3C17939123968BCB00208299 /* Frameworks */,
				3C17939223968BCB00208299 /* Resources */,
			);
			buildRules = (
			);
			dependencies = (
			);
			name = DeepLink;
			productName = DeepLink;
			productReference = 3C17939423968BCB00208299 /* DeepLink.app */;
			productType = "com.apple.product-type.application";
		};
		3C1793A723968BCF00208299 /* DeepLinkTests */ = {
			isa = PBXNativeTarget;
			buildConfigurationList = 3C1793BF23968BCF00208299 /* Build configuration list for PBXNativeTarget "DeepLinkTests" */;
			buildPhases = (
				3C1793A423968BCF00208299 /* Sources */,
				3C1793A523968BCF00208299 /* Frameworks */,
				3C1793A623968BCF00208299 /* Resources */,
			);
			buildRules = (
			);
			dependencies = (
				3C1793AA23968BCF00208299 /* PBXTargetDependency */,
			);
			name = DeepLinkTests;
			productName = DeepLinkTests;
			productReference = 3C1793A823968BCF00208299 /* DeepLinkTests.xctest */;
			productType = "com.apple.product-type.bundle.unit-test";
		};
		3C1793B223968BCF00208299 /* DeepLinkUITests */ = {
			isa = PBXNativeTarget;
			buildConfigurationList = 3C1793C223968BCF00208299 /* Build configuration list for PBXNativeTarget "DeepLinkUITests" */;
			buildPhases = (
				3C1793AF23968BCF00208299 /* Sources */,
				3C1793B023968BCF00208299 /* Frameworks */,
				3C1793B123968BCF00208299 /* Resources */,
			);
			buildRules = (
			);
			dependencies = (
				3C1793B523968BCF00208299 /* PBXTargetDependency */,
			);
			name = DeepLinkUITests;
			productName = DeepLinkUITests;
			productReference = 3C1793B323968BCF00208299 /* DeepLinkUITests.xctest */;
			productType = "com.apple.product-type.bundle.ui-testing";
		};
/* End PBXNativeTarget section */

/* Begin PBXProject section */
		3C17938C23968BCB00208299 /* Project object */ = {
			isa = PBXProject;
			attributes = {
				LastSwiftUpdateCheck = 1010;
				LastUpgradeCheck = 1010;
				ORGANIZATIONNAME = Test;
				TargetAttributes = {
					3C17939323968BCB00208299 = {
						CreatedOnToolsVersion = 10.1;
					};
					3C1793A723968BCF00208299 = {
						CreatedOnToolsVersion = 10.1;
						TestTargetID = 3C17939323968BCB00208299;
					};
					3C1793B223968BCF00208299 = {
						CreatedOnToolsVersion = 10.1;
						TestTargetID = 3C17939323968BCB00208299;
					};
				};
			};
			buildConfigurationList = 3C17938F23968BCB00208299 /* Build configuration list for PBXProject "DeepLink" */;
			compatibilityVersion = "Xcode 9.3";
			developmentRegion = en;
			hasScannedForEncodings = 0;
			knownRegions = (
				en,
				Base,
			);
			mainGroup = 3C17938B23968BCB00208299;
			productRefGroup = 3C17939523968BCB00208299 /* Products */;
			projectDirPath = "";
			projectRoot = "";
			targets = (
				3C17939323968BCB00208299 /* DeepLink */,
				3C1793A723968BCF00208299 /* DeepLinkTests */,
				3C1793B223968BCF00208299 /* DeepLinkUITests */,
			);
		};
/* End PBXProject section */

/* Begin PBXResourcesBuildPhase section */
		3C17939223968BCB00208299 /* Resources */ = {
			isa = PBXResourcesBuildPhase;
			buildActionMask = 2147483647;
			files = (
				3C1793A223968BCF00208299 /* LaunchScreen.storyboard in Resources */,
				3C17939F23968BCF00208299 /* Assets.xcassets in Resources */,
				3C17939D23968BCB00208299 /* Main.storyboard in Resources */,
			);
			runOnlyForDeploymentPostprocessing = 0;
		};
		3C1793A623968BCF00208299 /* Resources */ = {
			isa = PBXResourcesBuildPhase;
			buildActionMask = 2147483647;
			files = (
			);
			runOnlyForDeploymentPostprocessing = 0;
		};
		3C1793B123968BCF00208299 /* Resources */ = {
			isa = PBXResourcesBuildPhase;
			buildActionMask = 2147483647;
			files = (
			);
			runOnlyForDeploymentPostprocessing = 0;
		};
/* End PBXResourcesBuildPhase section */

/* Begin PBXSourcesBuildPhase section */
		3C17939023968BCB00208299 /* Sources */ = {
			isa = PBXSourcesBuildPhase;
			buildActionMask = 2147483647;
			files = (
				3C17939A23968BCB00208299 /* ViewController.swift in Sources */,
				3C17939823968BCB00208299 /* AppDelegate.swift in Sources */,
			);
			runOnlyForDeploymentPostprocessing = 0;
		};
		3C1793A423968BCF00208299 /* Sources */ = {
			isa = PBXSourcesBuildPhase;
			buildActionMask = 2147483647;
			files = (
				3C1793AD23968BCF00208299 /* DeepLinkTests.swift in Sources */,
			);
			runOnlyForDeploymentPostprocessing = 0;
		};
		3C1793AF23968BCF00208299 /* Sources */ = {
			isa = PBXSourcesBuildPhase;
			buildActionMask = 2147483647;
			files = (
				3C1793B823968BCF00208299 /* DeepLinkUITests.swift in Sources */,
			);
			runOnlyForDeploymentPostprocessing = 0;
		};
/* End PBXSourcesBuildPhase section */

/* Begin PBXTargetDependency section */
		3C1793AA23968BCF00208299 /* PBXTargetDependency */ = {
			isa = PBXTargetDependency;
			target = 3C17939323968BCB00208299 /* DeepLink */;
			targetProxy = 3C1793A923968BCF00208299 /* PBXContainerItemProxy */;
		};
		3C1793B523968BCF00208299 /* PBXTargetDependency */ = {
			isa = PBXTargetDependency;
			target = 3C17939323968BCB00208299 /* DeepLink */;
			targetProxy = 3C1793B423968BCF00208299 /* PBXContainerItemProxy */;
		};
/* End PBXTargetDependency section */

/* Begin PBXVariantGroup section */
		3C17939B23968BCB00208299 /* Main.storyboard */ = {
			isa = PBXVariantGroup;
			children = (
				3C17939C23968BCB00208299 /* Base */,
			);
			name = Main.storyboard;
			sourceTree = "<group>";
		};
		3C1793A023968BCF00208299 /* LaunchScreen.storyboard */ = {
			isa = PBXVariantGroup;
			children = (
				3C1793A123968BCF00208299 /* Base */,
			);
			name = LaunchScreen.storyboard;
			sourceTree = "<group>";
		};
/* End PBXVariantGroup section */

/* Begin XCBuildConfiguration section */
		3C1793BA23968BCF00208299 /* Debug */ = {
			isa = XCBuildConfiguration;
			buildSettings = {
				ALWAYS_SEARCH_USER_PATHS = NO;
				CLANG_ANALYZER_NONNULL = YES;
				CLANG_ANALYZER_NUMBER_OBJECT_CONVERSION = YES_AGGRESSIVE;
				CLANG_CXX_LANGUAGE_STANDARD = "gnu++14";
				CLANG_CXX_LIBRARY = "libc++";
				CLANG_ENABLE_MODULES = YES;
				CLANG_ENABLE_OBJC_ARC = YES;
				CLANG_ENABLE_OBJC_WEAK = YES;
				CLANG_WARN_BLOCK_CAPTURE_AUTORELEASING = YES;
				CLANG_WARN_BOOL_CONVERSION = YES;
				CLANG_WARN_COMMA = YES;
				CLANG_WARN_CONSTANT_CONVERSION = YES;
				CLANG_WARN_DEPRECATED_OBJC_IMPLEMENTATIONS = YES;
				CLANG_WARN_DIRECT_OBJC_ISA_USAGE = YES_ERROR;
				CLANG_WARN_DOCUMENTATION_COMMENTS = YES;
				CLANG_WARN_EMPTY_BODY = YES;
				CLANG_WARN_ENUM_CONVERSION = YES;
				CLANG_WARN_INFINITE_RECURSION = YES;
				CLANG_WARN_INT_CONVERSION = YES;
				CLANG_WARN_NON_LITERAL_NULL_CONVERSION = YES;
				CLANG_WARN_OBJC_IMPLICIT_RETAIN_SELF = YES;
				CLANG_WARN_OBJC_LITERAL_CONVERSION = YES;
				CLANG_WARN_OBJC_ROOT_CLASS = YES_ERROR;
				CLANG_WARN_RANGE_LOOP_ANALYSIS = YES;
				CLANG_WARN_STRICT_PROTOTYPES = YES;
				CLANG_WARN_SUSPICIOUS_MOVE = YES;
				CLANG_WARN_UNGUARDED_AVAILABILITY = YES_AGGRESSIVE;
				CLANG_WARN_UNREACHABLE_CODE = YES;
				CLANG_WARN__DUPLICATE_METHOD_MATCH = YES;
				CODE_SIGN_IDENTITY = "iPhone Developer";
				COPY_PHASE_STRIP = NO;
				DEBUG_INFORMATION_FORMAT = dwarf;
				ENABLE_STRICT_OBJC_MSGSEND = YES;
				ENABLE_TESTABILITY = YES;
				GCC_C_LANGUAGE_STANDARD = gnu11;
				GCC_DYNAMIC_NO_PIC = NO;
				GCC_NO_COMMON_BLOCKS = YES;
				GCC_OPTIMIZATION_LEVEL = 0;
				GCC_PREPROCESSOR_DEFINITIONS = (
					"DEBUG=1",
					"$(inherited)",
				);
				GCC_WARN_64_TO_32_BIT_CONVERSION = YES;
				GCC_WARN_ABOUT_RETURN_TYPE = YES_ERROR;
				GCC_WARN_UNDECLARED_SELECTOR = YES;
				GCC_WARN_UNINITIALIZED_AUTOS = YES_AGGRESSIVE;
				GCC_WARN_UNUSED_FUNCTION = YES;
				GCC_WARN_UNUSED_VARIABLE = YES;
				IPHONEOS_DEPLOYMENT_TARGET = 12.1;
				MTL_ENABLE_DEBUG_INFO = INCLUDE_SOURCE;
				MTL_FAST_MATH = YES;
				ONLY_ACTIVE_ARCH = YES;
				SDKROOT = iphoneos;
				SWIFT_ACTIVE_COMPILATION_CONDITIONS = DEBUG;
				SWIFT_OPTIMIZATION_LEVEL = "-Onone";
			};
			name = Debug;
		};
		3C1793BB23968BCF00208299 /* Release */ = {
			isa = XCBuildConfiguration;
			buildSettings = {
				ALWAYS_SEARCH_USER_PATHS = NO;
				CLANG_ANALYZER_NONNULL = YES;
				CLANG_ANALYZER_NUMBER_OBJECT_CONVERSION = YES_AGGRESSIVE;
				CLANG_CXX_LANGUAGE_STANDARD = "gnu++14";
				CLANG_CXX_LIBRARY = "libc++";
				CLANG_ENABLE_MODULES = YES;
				CLANG_ENABLE_OBJC_ARC = YES;
				CLANG_ENABLE_OBJC_WEAK = YES;
				CLANG_WARN_BLOCK_CAPTURE_AUTORELEASING = YES;
				CLANG_WARN_BOOL_CONVERSION = YES;
				CLANG_WARN_COMMA = YES;
				CLANG_WARN_CONSTANT_CONVERSION = YES;
				CLANG_WARN_DEPRECATED_OBJC_IMPLEMENTATIONS = YES;
				CLANG_WARN_DIRECT_OBJC_ISA_USAGE = YES_ERROR;
				CLANG_WARN_DOCUMENTATION_COMMENTS = YES;
				CLANG_WARN_EMPTY_BODY = YES;
				CLANG_WARN_ENUM_CONVERSION = YES;
				CLANG_WARN_INFINITE_RECURSION = YES;
				CLANG_WARN_INT_CONVERSION = YES;
				CLANG_WARN_NON_LITERAL_NULL_CONVERSION = YES;
				CLANG_WARN_OBJC_IMPLICIT_RETAIN_SELF = YES;
				CLANG_WARN_OBJC_LITERAL_CONVERSION = YES;
				CLANG_WARN_OBJC_ROOT_CLASS = YES_ERROR;
				CLANG_WARN_RANGE_LOOP_ANALYSIS = YES;
				CLANG_WARN_STRICT_PROTOTYPES = YES;
				CLANG_WARN_SUSPICIOUS_MOVE = YES;
				CLANG_WARN_UNGUARDED_AVAILABILITY = YES_AGGRESSIVE;
				CLANG_WARN_UNREACHABLE_CODE = YES;
				CLANG_WARN__DUPLICATE_METHOD_MATCH = YES;
				CODE_SIGN_IDENTITY = "iPhone Developer";
				COPY_PHASE_STRIP = NO;
				DEBUG_INFORMATION_FORMAT = "dwarf-with-dsym";
				ENABLE_NS_ASSERTIONS = NO;
				ENABLE_STRICT_OBJC_MSGSEND = YES;
				GCC_C_LANGUAGE_STANDARD = gnu11;
				GCC_NO_COMMON_BLOCKS = YES;
				GCC_WARN_64_TO_32_BIT_CONVERSION = YES;
				GCC_WARN_ABOUT_RETURN_TYPE = YES_ERROR;
				GCC_WARN_UNDECLARED_SELECTOR = YES;
				GCC_WARN_UNINITIALIZED_AUTOS = YES_AGGRESSIVE;
				GCC_WARN_UNUSED_FUNCTION = YES;
				GCC_WARN_UNUSED_VARIABLE = YES;
				IPHONEOS_DEPLOYMENT_TARGET = 12.1;
				MTL_ENABLE_DEBUG_INFO = NO;
				MTL_FAST_MATH = YES;
				SDKROOT = iphoneos;
				SWIFT_COMPILATION_MODE = wholemodule;
				SWIFT_OPTIMIZATION_LEVEL = "-O";
				VALIDATE_PRODUCT = YES;
			};
			name = Release;
		};
		3C1793BD23968BCF00208299 /* Debug */ = {
			isa = XCBuildConfiguration;
			buildSettings = {
				ASSETCATALOG_COMPILER_APPICON_NAME = AppIcon;
				CODE_SIGN_STYLE = Automatic;
				INFOPLIST_FILE = DeepLink/Info.plist;
				LD_RUNPATH_SEARCH_PATHS = (
					"$(inherited)",
					"@executable_path/Frameworks",
				);
				PRODUCT_BUNDLE_IDENTIFIER = com.Shigas.DeepLink;
				PRODUCT_NAME = "$(TARGET_NAME)";
				SWIFT_VERSION = 4.2;
				TARGETED_DEVICE_FAMILY = "1,2";
			};
			name = Debug;
		};
		3C1793BE23968BCF00208299 /* Release */ = {
			isa = XCBuildConfiguration;
			buildSettings = {
				ASSETCATALOG_COMPILER_APPICON_NAME = AppIcon;
				CODE_SIGN_STYLE = Automatic;
				INFOPLIST_FILE = DeepLink/Info.plist;
				LD_RUNPATH_SEARCH_PATHS = (
					"$(inherited)",
					"@executable_path/Frameworks",
				);
				PRODUCT_BUNDLE_IDENTIFIER = com.Shigas.DeepLink;
				PRODUCT_NAME = "$(TARGET_NAME)";
				SWIFT_VERSION = 4.2;
				TARGETED_DEVICE_FAMILY = "1,2";
			};
			name = Release;
		};
		3C1793C023968BCF00208299 /* Debug */ = {
			isa = XCBuildConfiguration;
			buildSettings = {
				ALWAYS_EMBED_SWIFT_STANDARD_LIBRARIES = YES;
				BUNDLE_LOADER = "$(TEST_HOST)";
				CODE_SIGN_STYLE = Automatic;
				INFOPLIST_FILE = DeepLinkTests/Info.plist;
				LD_RUNPATH_SEARCH_PATHS = (
					"$(inherited)",
					"@executable_path/Frameworks",
					"@loader_path/Frameworks",
				);
				PRODUCT_BUNDLE_IDENTIFIER = com.Shigas.DeepLinkTests;
				PRODUCT_NAME = "$(TARGET_NAME)";
				SWIFT_VERSION = 4.2;
				TARGETED_DEVICE_FAMILY = "1,2";
				TEST_HOST = "$(BUILT_PRODUCTS_DIR)/DeepLink.app/DeepLink";
			};
			name = Debug;
		};
		3C1793C123968BCF00208299 /* Release */ = {
			isa = XCBuildConfiguration;
			buildSettings = {
				ALWAYS_EMBED_SWIFT_STANDARD_LIBRARIES = YES;
				BUNDLE_LOADER = "$(TEST_HOST)";
				CODE_SIGN_STYLE = Automatic;
				INFOPLIST_FILE = DeepLinkTests/Info.plist;
				LD_RUNPATH_SEARCH_PATHS = (
					"$(inherited)",
					"@executable_path/Frameworks",
					"@loader_path/Frameworks",
				);
				PRODUCT_BUNDLE_IDENTIFIER = com.Shigas.DeepLinkTests;
				PRODUCT_NAME = "$(TARGET_NAME)";
				SWIFT_VERSION = 4.2;
				TARGETED_DEVICE_FAMILY = "1,2";
				TEST_HOST = "$(BUILT_PRODUCTS_DIR)/DeepLink.app/DeepLink";
			};
			name = Release;
		};
		3C1793C323968BCF00208299 /* Debug */ = {
			isa = XCBuildConfiguration;
			buildSettings = {
				ALWAYS_EMBED_SWIFT_STANDARD_LIBRARIES = YES;
				CODE_SIGN_STYLE = Automatic;
				INFOPLIST_FILE = DeepLinkUITests/Info.plist;
				LD_RUNPATH_SEARCH_PATHS = (
					"$(inherited)",
					"@executable_path/Frameworks",
					"@loader_path/Frameworks",
				);
				PRODUCT_BUNDLE_IDENTIFIER = com.Shigas.DeepLinkUITests;
				PRODUCT_NAME = "$(TARGET_NAME)";
				SWIFT_VERSION = 4.2;
				TARGETED_DEVICE_FAMILY = "1,2";
				TEST_TARGET_NAME = DeepLink;
			};
			name = Debug;
		};
		3C1793C423968BCF00208299 /* Release */ = {
			isa = XCBuildConfiguration;
			buildSettings = {
				ALWAYS_EMBED_SWIFT_STANDARD_LIBRARIES = YES;
				CODE_SIGN_STYLE = Automatic;
				INFOPLIST_FILE = DeepLinkUITests/Info.plist;
				LD_RUNPATH_SEARCH_PATHS = (
					"$(inherited)",
					"@executable_path/Frameworks",
					"@loader_path/Frameworks",
				);
				PRODUCT_BUNDLE_IDENTIFIER = com.Shigas.DeepLinkUITests;
				PRODUCT_NAME = "$(TARGET_NAME)";
				SWIFT_VERSION = 4.2;
				TARGETED_DEVICE_FAMILY = "1,2";
				TEST_TARGET_NAME = DeepLink;
			};
			name = Release;
		};
/* End XCBuildConfiguration section */

/* Begin XCConfigurationList section */
		3C17938F23968BCB00208299 /* Build configuration list for PBXProject "DeepLink" */ = {
			isa = XCConfigurationList;
			buildConfigurations = (
				3C1793BA23968BCF00208299 /* Debug */,
				3C1793BB23968BCF00208299 /* Release */,
			);
			defaultConfigurationIsVisible = 0;
			defaultConfigurationName = Release;
		};
		3C1793BC23968BCF00208299 /* Build configuration list for PBXNativeTarget "DeepLink" */ = {
			isa = XCConfigurationList;
			buildConfigurations = (
				3C1793BD23968BCF00208299 /* Debug */,
				3C1793BE23968BCF00208299 /* Release */,
			);
			defaultConfigurationIsVisible = 0;
			defaultConfigurationName = Release;
		};
		3C1793BF23968BCF00208299 /* Build configuration list for PBXNativeTarget "DeepLinkTests" */ = {
			isa = XCConfigurationList;
			buildConfigurations = (
				3C1793C023968BCF00208299 /* Debug */,
				3C1793C123968BCF00208299 /* Release */,
			);
			defaultConfigurationIsVisible = 0;
			defaultConfigurationName = Release;
		};
		3C1793C223968BCF00208299 /* Build configuration list for PBXNativeTarget "DeepLinkUITests" */ = {
			isa = XCConfigurationList;
			buildConfigurations = (
				3C1793C323968BCF00208299 /* Debug */,
				3C1793C423968BCF00208299 /* Release */,
			);
			defaultConfigurationIsVisible = 0;
			defaultConfigurationName = Release;
		};
/* End XCConfigurationList section */
	};
	rootObject = 3C17938C23968BCB00208299 /* Project object */;
}
